// !$*UTF8*$!
{
	archiveVersion = 1;
	classes = {
	};
	objectVersion = 55;
	objects = {

/* Begin PBXBuildFile section */
		C309F6BA27846F4B00362E5A /* AppDelegate.swift in Sources */ = {isa = PBXBuildFile; fileRef = C309F6B927846F4B00362E5A /* AppDelegate.swift */; };
		C309F6BC27846F4B00362E5A /* SceneDelegate.swift in Sources */ = {isa = PBXBuildFile; fileRef = C309F6BB27846F4B00362E5A /* SceneDelegate.swift */; };
		C309F6BE27846F4B00362E5A /* LogInVC.swift in Sources */ = {isa = PBXBuildFile; fileRef = C309F6BD27846F4B00362E5A /* LogInVC.swift */; };
		C309F6C127846F4B00362E5A /* Main.storyboard in Resources */ = {isa = PBXBuildFile; fileRef = C309F6BF27846F4B00362E5A /* Main.storyboard */; };
		C309F6C327846F4D00362E5A /* Assets.xcassets in Resources */ = {isa = PBXBuildFile; fileRef = C309F6C227846F4D00362E5A /* Assets.xcassets */; };
		C309F6C627846F4D00362E5A /* LaunchScreen.storyboard in Resources */ = {isa = PBXBuildFile; fileRef = C309F6C427846F4D00362E5A /* LaunchScreen.storyboard */; };
		C309F6CE2784C47200362E5A /* RegisterVC.swift in Sources */ = {isa = PBXBuildFile; fileRef = C309F6CD2784C47200362E5A /* RegisterVC.swift */; };
		C309F6D02784C51C00362E5A /* ConversationsTVC.swift in Sources */ = {isa = PBXBuildFile; fileRef = C309F6CF2784C51C00362E5A /* ConversationsTVC.swift */; };
		C309F6D42784C59000362E5A /* ProfileVC.swift in Sources */ = {isa = PBXBuildFile; fileRef = C309F6D32784C59000362E5A /* ProfileVC.swift */; };
		C309F6DD2785C10A00362E5A /* GoogleService-Info.plist in Resources */ = {isa = PBXBuildFile; fileRef = C309F6DC2785C10A00362E5A /* GoogleService-Info.plist */; };
		C309F6E02785C2FC00362E5A /* FirebaseAnalytics in Frameworks */ = {isa = PBXBuildFile; productRef = C309F6DF2785C2FC00362E5A /* FirebaseAnalytics */; };
		C309F6E22785C2FC00362E5A /* FirebaseAuth in Frameworks */ = {isa = PBXBuildFile; productRef = C309F6E12785C2FC00362E5A /* FirebaseAuth */; };
		C309F6E42785C2FC00362E5A /* FirebaseDatabase in Frameworks */ = {isa = PBXBuildFile; productRef = C309F6E32785C2FC00362E5A /* FirebaseDatabase */; };
		C309F6E62785C2FC00362E5A /* FirebaseStorage in Frameworks */ = {isa = PBXBuildFile; productRef = C309F6E52785C2FC00362E5A /* FirebaseStorage */; };
		C309F6E82785DB3300362E5A /* ChatVC.swift in Sources */ = {isa = PBXBuildFile; fileRef = C309F6E72785DB3300362E5A /* ChatVC.swift */; };
		C309F6EB2785DBA900362E5A /* MessageKit in Frameworks */ = {isa = PBXBuildFile; productRef = C309F6EA2785DBA900362E5A /* MessageKit */; };
		C309F6ED2786048E00362E5A /* DatabaseManager.swift in Sources */ = {isa = PBXBuildFile; fileRef = C309F6EC2786048E00362E5A /* DatabaseManager.swift */; };
		C309F6F0278964AE00362E5A /* Realm in Frameworks */ = {isa = PBXBuildFile; productRef = C309F6EF278964AE00362E5A /* Realm */; };
		C309F6F2278964AE00362E5A /* RealmSwift in Frameworks */ = {isa = PBXBuildFile; productRef = C309F6F1278964AE00362E5A /* RealmSwift */; };
		C309F6F527896A7700362E5A /* SDWebImage in Frameworks */ = {isa = PBXBuildFile; productRef = C309F6F427896A7700362E5A /* SDWebImage */; };
		C309F6F727896A7700362E5A /* SDWebImageMapKit in Frameworks */ = {isa = PBXBuildFile; productRef = C309F6F627896A7700362E5A /* SDWebImageMapKit */; };
		C309F6FA2789777100362E5A /* JGProgressHUD in Frameworks */ = {isa = PBXBuildFile; productRef = C309F6F92789777100362E5A /* JGProgressHUD */; };
		C309F6FC2789800F00362E5A /* NewConversationVC.swift in Sources */ = {isa = PBXBuildFile; fileRef = C309F6FB2789800F00362E5A /* NewConversationVC.swift */; };
		C3D69CF2278A366D00C32217 /* StorageManger.swift in Sources */ = {isa = PBXBuildFile; fileRef = C3D69CF1278A366D00C32217 /* StorageManger.swift */; };
/* End PBXBuildFile section */

/* Begin PBXFileReference section */
		C309F6B627846F4B00362E5A /* Messenger App.app */ = {isa = PBXFileReference; explicitFileType = wrapper.application; includeInIndex = 0; path = "Messenger App.app"; sourceTree = BUILT_PRODUCTS_DIR; };
		C309F6B927846F4B00362E5A /* AppDelegate.swift */ = {isa = PBXFileReference; lastKnownFileType = sourcecode.swift; path = AppDelegate.swift; sourceTree = "<group>"; };
		C309F6BB27846F4B00362E5A /* SceneDelegate.swift */ = {isa = PBXFileReference; lastKnownFileType = sourcecode.swift; path = SceneDelegate.swift; sourceTree = "<group>"; };
		C309F6BD27846F4B00362E5A /* LogInVC.swift */ = {isa = PBXFileReference; lastKnownFileType = sourcecode.swift; path = LogInVC.swift; sourceTree = "<group>"; };
		C309F6C027846F4B00362E5A /* Base */ = {isa = PBXFileReference; lastKnownFileType = file.storyboard; name = Base; path = Base.lproj/Main.storyboard; sourceTree = "<group>"; };
		C309F6C227846F4D00362E5A /* Assets.xcassets */ = {isa = PBXFileReference; lastKnownFileType = folder.assetcatalog; path = Assets.xcassets; sourceTree = "<group>"; };
		C309F6C527846F4D00362E5A /* Base */ = {isa = PBXFileReference; lastKnownFileType = file.storyboard; name = Base; path = Base.lproj/LaunchScreen.storyboard; sourceTree = "<group>"; };
		C309F6C727846F4D00362E5A /* Info.plist */ = {isa = PBXFileReference; lastKnownFileType = text.plist.xml; path = Info.plist; sourceTree = "<group>"; };
		C309F6CD2784C47200362E5A /* RegisterVC.swift */ = {isa = PBXFileReference; lastKnownFileType = sourcecode.swift; path = RegisterVC.swift; sourceTree = "<group>"; };
		C309F6CF2784C51C00362E5A /* ConversationsTVC.swift */ = {isa = PBXFileReference; lastKnownFileType = sourcecode.swift; path = ConversationsTVC.swift; sourceTree = "<group>"; };
		C309F6D32784C59000362E5A /* ProfileVC.swift */ = {isa = PBXFileReference; lastKnownFileType = sourcecode.swift; path = ProfileVC.swift; sourceTree = "<group>"; };
		C309F6DC2785C10A00362E5A /* GoogleService-Info.plist */ = {isa = PBXFileReference; fileEncoding = 4; lastKnownFileType = text.plist.xml; path = "GoogleService-Info.plist"; sourceTree = "<group>"; };
		C309F6E72785DB3300362E5A /* ChatVC.swift */ = {isa = PBXFileReference; lastKnownFileType = sourcecode.swift; path = ChatVC.swift; sourceTree = "<group>"; };
		C309F6EC2786048E00362E5A /* DatabaseManager.swift */ = {isa = PBXFileReference; lastKnownFileType = sourcecode.swift; path = DatabaseManager.swift; sourceTree = "<group>"; };
		C309F6FB2789800F00362E5A /* NewConversationVC.swift */ = {isa = PBXFileReference; lastKnownFileType = sourcecode.swift; path = NewConversationVC.swift; sourceTree = "<group>"; };
		C3D69CF1278A366D00C32217 /* StorageManger.swift */ = {isa = PBXFileReference; lastKnownFileType = sourcecode.swift; path = StorageManger.swift; sourceTree = "<group>"; };
/* End PBXFileReference section */

/* Begin PBXFrameworksBuildPhase section */
		C309F6B327846F4B00362E5A /* Frameworks */ = {
			isa = PBXFrameworksBuildPhase;
			buildActionMask = 2147483647;
			files = (
				C309F6F0278964AE00362E5A /* Realm in Frameworks */,
				C309F6F727896A7700362E5A /* SDWebImageMapKit in Frameworks */,
				C309F6E42785C2FC00362E5A /* FirebaseDatabase in Frameworks */,
				C309F6F527896A7700362E5A /* SDWebImage in Frameworks */,
				C309F6FA2789777100362E5A /* JGProgressHUD in Frameworks */,
				C309F6F2278964AE00362E5A /* RealmSwift in Frameworks */,
				C309F6E62785C2FC00362E5A /* FirebaseStorage in Frameworks */,
				C309F6E02785C2FC00362E5A /* FirebaseAnalytics in Frameworks */,
				C309F6E22785C2FC00362E5A /* FirebaseAuth in Frameworks */,
				C309F6EB2785DBA900362E5A /* MessageKit in Frameworks */,
			);
			runOnlyForDeploymentPostprocessing = 0;
		};
/* End PBXFrameworksBuildPhase section */

/* Begin PBXGroup section */
		C309F6AD27846F4B00362E5A = {
			isa = PBXGroup;
			children = (
				C309F6B827846F4B00362E5A /* Messenger App */,
				C309F6B727846F4B00362E5A /* Products */,
			);
			sourceTree = "<group>";
		};
		C309F6B727846F4B00362E5A /* Products */ = {
			isa = PBXGroup;
			children = (
				C309F6B627846F4B00362E5A /* Messenger App.app */,
			);
			name = Products;
			sourceTree = "<group>";
		};
		C309F6B827846F4B00362E5A /* Messenger App */ = {
			isa = PBXGroup;
			children = (
				C309F6B927846F4B00362E5A /* AppDelegate.swift */,
				C309F6BB27846F4B00362E5A /* SceneDelegate.swift */,
				C309F6D52784C64600362E5A /* Classes */,
				C309F6BF27846F4B00362E5A /* Main.storyboard */,
				C309F6C227846F4D00362E5A /* Assets.xcassets */,
				C309F6C427846F4D00362E5A /* LaunchScreen.storyboard */,
				C309F6C727846F4D00362E5A /* Info.plist */,
				C309F6DC2785C10A00362E5A /* GoogleService-Info.plist */,
			);
			path = "Messenger App";
			sourceTree = "<group>";
		};
		C309F6D52784C64600362E5A /* Classes */ = {
			isa = PBXGroup;
			children = (
				C309F6BD27846F4B00362E5A /* LogInVC.swift */,
				C309F6CD2784C47200362E5A /* RegisterVC.swift */,
				C309F6E72785DB3300362E5A /* ChatVC.swift */,
				C3D69CF1278A366D00C32217 /* StorageManger.swift */,
				C309F6CF2784C51C00362E5A /* ConversationsTVC.swift */,
				C309F6EC2786048E00362E5A /* DatabaseManager.swift */,
				C309F6D32784C59000362E5A /* ProfileVC.swift */,
				C309F6FB2789800F00362E5A /* NewConversationVC.swift */,
			);
			path = Classes;
			sourceTree = "<group>";
		};
/* End PBXGroup section */

/* Begin PBXNativeTarget section */
		C309F6B527846F4B00362E5A /* Messenger App */ = {
			isa = PBXNativeTarget;
			buildConfigurationList = C309F6CA27846F4D00362E5A /* Build configuration list for PBXNativeTarget "Messenger App" */;
			buildPhases = (
				C309F6B227846F4B00362E5A /* Sources */,
				C309F6B327846F4B00362E5A /* Frameworks */,
				C309F6B427846F4B00362E5A /* Resources */,
			);
			buildRules = (
			);
			dependencies = (
			);
			name = "Messenger App";
			packageProductDependencies = (
				C309F6DF2785C2FC00362E5A /* FirebaseAnalytics */,
				C309F6E12785C2FC00362E5A /* FirebaseAuth */,
				C309F6E32785C2FC00362E5A /* FirebaseDatabase */,
				C309F6E52785C2FC00362E5A /* FirebaseStorage */,
				C309F6EA2785DBA900362E5A /* MessageKit */,
				C309F6EF278964AE00362E5A /* Realm */,
				C309F6F1278964AE00362E5A /* RealmSwift */,
				C309F6F427896A7700362E5A /* SDWebImage */,
				C309F6F627896A7700362E5A /* SDWebImageMapKit */,
				C309F6F92789777100362E5A /* JGProgressHUD */,
			);
			productName = "Messenger App";
			productReference = C309F6B627846F4B00362E5A /* Messenger App.app */;
			productType = "com.apple.product-type.application";
		};
/* End PBXNativeTarget section */

/* Begin PBXProject section */
		C309F6AE27846F4B00362E5A /* Project object */ = {
			isa = PBXProject;
			attributes = {
				BuildIndependentTargetsInParallel = 1;
				LastSwiftUpdateCheck = 1320;
				LastUpgradeCheck = 1320;
				TargetAttributes = {
					C309F6B527846F4B00362E5A = {
						CreatedOnToolsVersion = 13.2.1;
					};
				};
			};
			buildConfigurationList = C309F6B127846F4B00362E5A /* Build configuration list for PBXProject "Messenger App" */;
			compatibilityVersion = "Xcode 13.0";
			developmentRegion = en;
			hasScannedForEncodings = 0;
			knownRegions = (
				en,
				Base,
			);
			mainGroup = C309F6AD27846F4B00362E5A;
			packageReferences = (
				C309F6DE2785C2FC00362E5A /* XCRemoteSwiftPackageReference "firebase-ios-sdk" */,
				C309F6E92785DBA900362E5A /* XCRemoteSwiftPackageReference "MessageKit" */,
				C309F6EE278964AD00362E5A /* XCRemoteSwiftPackageReference "realm-swift" */,
				C309F6F327896A7700362E5A /* XCRemoteSwiftPackageReference "SDWebImage" */,
				C309F6F82789777000362E5A /* XCRemoteSwiftPackageReference "JGProgressHUD" */,
			);
			productRefGroup = C309F6B727846F4B00362E5A /* Products */;
			projectDirPath = "";
			projectRoot = "";
			targets = (
				C309F6B527846F4B00362E5A /* Messenger App */,
			);
		};
/* End PBXProject section */

/* Begin PBXResourcesBuildPhase section */
		C309F6B427846F4B00362E5A /* Resources */ = {
			isa = PBXResourcesBuildPhase;
			buildActionMask = 2147483647;
			files = (
				C309F6C627846F4D00362E5A /* LaunchScreen.storyboard in Resources */,
				C309F6DD2785C10A00362E5A /* GoogleService-Info.plist in Resources */,
				C309F6C327846F4D00362E5A /* Assets.xcassets in Resources */,
				C309F6C127846F4B00362E5A /* Main.storyboard in Resources */,
			);
			runOnlyForDeploymentPostprocessing = 0;
		};
/* End PBXResourcesBuildPhase section */

/* Begin PBXSourcesBuildPhase section */
		C309F6B227846F4B00362E5A /* Sources */ = {
			isa = PBXSourcesBuildPhase;
			buildActionMask = 2147483647;
			files = (
				C309F6E82785DB3300362E5A /* ChatVC.swift in Sources */,
				C309F6FC2789800F00362E5A /* NewConversationVC.swift in Sources */,
				C309F6D02784C51C00362E5A /* ConversationsTVC.swift in Sources */,
				C3D69CF2278A366D00C32217 /* StorageManger.swift in Sources */,
				C309F6D42784C59000362E5A /* ProfileVC.swift in Sources */,
				C309F6BE27846F4B00362E5A /* LogInVC.swift in Sources */,
				C309F6CE2784C47200362E5A /* RegisterVC.swift in Sources */,
				C309F6BA27846F4B00362E5A /* AppDelegate.swift in Sources */,
				C309F6BC27846F4B00362E5A /* SceneDelegate.swift in Sources */,
				C309F6ED2786048E00362E5A /* DatabaseManager.swift in Sources */,
			);
			runOnlyForDeploymentPostprocessing = 0;
		};
/* End PBXSourcesBuildPhase section */

/* Begin PBXVariantGroup section */
		C309F6BF27846F4B00362E5A /* Main.storyboard */ = {
			isa = PBXVariantGroup;
			children = (
				C309F6C027846F4B00362E5A /* Base */,
			);
			name = Main.storyboard;
			sourceTree = "<group>";
		};
		C309F6C427846F4D00362E5A /* LaunchScreen.storyboard */ = {
			isa = PBXVariantGroup;
			children = (
				C309F6C527846F4D00362E5A /* Base */,
			);
			name = LaunchScreen.storyboard;
			sourceTree = "<group>";
		};
/* End PBXVariantGroup section */

/* Begin XCBuildConfiguration section */
		C309F6C827846F4D00362E5A /* Debug */ = {
			isa = XCBuildConfiguration;
			buildSettings = {
				ALWAYS_SEARCH_USER_PATHS = NO;
				CLANG_ANALYZER_NONNULL = YES;
				CLANG_ANALYZER_NUMBER_OBJECT_CONVERSION = YES_AGGRESSIVE;
				CLANG_CXX_LANGUAGE_STANDARD = "gnu++17";
				CLANG_CXX_LIBRARY = "libc++";
				CLANG_ENABLE_MODULES = YES;
				CLANG_ENABLE_OBJC_ARC = YES;
				CLANG_ENABLE_OBJC_WEAK = YES;
				CLANG_WARN_BLOCK_CAPTURE_AUTORELEASING = YES;
				CLANG_WARN_BOOL_CONVERSION = YES;
				CLANG_WARN_COMMA = YES;
				CLANG_WARN_CONSTANT_CONVERSION = YES;
				CLANG_WARN_DEPRECATED_OBJC_IMPLEMENTATIONS = YES;
				CLANG_WARN_DIRECT_OBJC_ISA_USAGE = YES_ERROR;
				CLANG_WARN_DOCUMENTATION_COMMENTS = YES;
				CLANG_WARN_EMPTY_BODY = YES;
				CLANG_WARN_ENUM_CONVERSION = YES;
				CLANG_WARN_INFINITE_RECURSION = YES;
				CLANG_WARN_INT_CONVERSION = YES;
				CLANG_WARN_NON_LITERAL_NULL_CONVERSION = YES;
				CLANG_WARN_OBJC_IMPLICIT_RETAIN_SELF = YES;
				CLANG_WARN_OBJC_LITERAL_CONVERSION = YES;
				CLANG_WARN_OBJC_ROOT_CLASS = YES_ERROR;
				CLANG_WARN_QUOTED_INCLUDE_IN_FRAMEWORK_HEADER = YES;
				CLANG_WARN_RANGE_LOOP_ANALYSIS = YES;
				CLANG_WARN_STRICT_PROTOTYPES = YES;
				CLANG_WARN_SUSPICIOUS_MOVE = YES;
				CLANG_WARN_UNGUARDED_AVAILABILITY = YES_AGGRESSIVE;
				CLANG_WARN_UNREACHABLE_CODE = YES;
				CLANG_WARN__DUPLICATE_METHOD_MATCH = YES;
				COPY_PHASE_STRIP = NO;
				DEBUG_INFORMATION_FORMAT = dwarf;
				ENABLE_STRICT_OBJC_MSGSEND = YES;
				ENABLE_TESTABILITY = YES;
				GCC_C_LANGUAGE_STANDARD = gnu11;
				GCC_DYNAMIC_NO_PIC = NO;
				GCC_NO_COMMON_BLOCKS = YES;
				GCC_OPTIMIZATION_LEVEL = 0;
				GCC_PREPROCESSOR_DEFINITIONS = (
					"DEBUG=1",
					"$(inherited)",
				);
				GCC_WARN_64_TO_32_BIT_CONVERSION = YES;
				GCC_WARN_ABOUT_RETURN_TYPE = YES_ERROR;
				GCC_WARN_UNDECLARED_SELECTOR = YES;
				GCC_WARN_UNINITIALIZED_AUTOS = YES_AGGRESSIVE;
				GCC_WARN_UNUSED_FUNCTION = YES;
				GCC_WARN_UNUSED_VARIABLE = YES;
				IPHONEOS_DEPLOYMENT_TARGET = 15.2;
				MTL_ENABLE_DEBUG_INFO = INCLUDE_SOURCE;
				MTL_FAST_MATH = YES;
				ONLY_ACTIVE_ARCH = YES;
				SDKROOT = iphoneos;
				SWIFT_ACTIVE_COMPILATION_CONDITIONS = DEBUG;
				SWIFT_OPTIMIZATION_LEVEL = "-Onone";
			};
			name = Debug;
		};
		C309F6C927846F4D00362E5A /* Release */ = {
			isa = XCBuildConfiguration;
			buildSettings = {
				ALWAYS_SEARCH_USER_PATHS = NO;
				CLANG_ANALYZER_NONNULL = YES;
				CLANG_ANALYZER_NUMBER_OBJECT_CONVERSION = YES_AGGRESSIVE;
				CLANG_CXX_LANGUAGE_STANDARD = "gnu++17";
				CLANG_CXX_LIBRARY = "libc++";
				CLANG_ENABLE_MODULES = YES;
				CLANG_ENABLE_OBJC_ARC = YES;
				CLANG_ENABLE_OBJC_WEAK = YES;
				CLANG_WARN_BLOCK_CAPTURE_AUTORELEASING = YES;
				CLANG_WARN_BOOL_CONVERSION = YES;
				CLANG_WARN_COMMA = YES;
				CLANG_WARN_CONSTANT_CONVERSION = YES;
				CLANG_WARN_DEPRECATED_OBJC_IMPLEMENTATIONS = YES;
				CLANG_WARN_DIRECT_OBJC_ISA_USAGE = YES_ERROR;
				CLANG_WARN_DOCUMENTATION_COMMENTS = YES;
				CLANG_WARN_EMPTY_BODY = YES;
				CLANG_WARN_ENUM_CONVERSION = YES;
				CLANG_WARN_INFINITE_RECURSION = YES;
				CLANG_WARN_INT_CONVERSION = YES;
				CLANG_WARN_NON_LITERAL_NULL_CONVERSION = YES;
				CLANG_WARN_OBJC_IMPLICIT_RETAIN_SELF = YES;
				CLANG_WARN_OBJC_LITERAL_CONVERSION = YES;
				CLANG_WARN_OBJC_ROOT_CLASS = YES_ERROR;
				CLANG_WARN_QUOTED_INCLUDE_IN_FRAMEWORK_HEADER = YES;
				CLANG_WARN_RANGE_LOOP_ANALYSIS = YES;
				CLANG_WARN_STRICT_PROTOTYPES = YES;
				CLANG_WARN_SUSPICIOUS_MOVE = YES;
				CLANG_WARN_UNGUARDED_AVAILABILITY = YES_AGGRESSIVE;
				CLANG_WARN_UNREACHABLE_CODE = YES;
				CLANG_WARN__DUPLICATE_METHOD_MATCH = YES;
				COPY_PHASE_STRIP = NO;
				DEBUG_INFORMATION_FORMAT = "dwarf-with-dsym";
				ENABLE_NS_ASSERTIONS = NO;
				ENABLE_STRICT_OBJC_MSGSEND = YES;
				GCC_C_LANGUAGE_STANDARD = gnu11;
				GCC_NO_COMMON_BLOCKS = YES;
				GCC_WARN_64_TO_32_BIT_CONVERSION = YES;
				GCC_WARN_ABOUT_RETURN_TYPE = YES_ERROR;
				GCC_WARN_UNDECLARED_SELECTOR = YES;
				GCC_WARN_UNINITIALIZED_AUTOS = YES_AGGRESSIVE;
				GCC_WARN_UNUSED_FUNCTION = YES;
				GCC_WARN_UNUSED_VARIABLE = YES;
				IPHONEOS_DEPLOYMENT_TARGET = 15.2;
				MTL_ENABLE_DEBUG_INFO = NO;
				MTL_FAST_MATH = YES;
				SDKROOT = iphoneos;
				SWIFT_COMPILATION_MODE = wholemodule;
				SWIFT_OPTIMIZATION_LEVEL = "-O";
				VALIDATE_PRODUCT = YES;
			};
			name = Release;
		};
		C309F6CB27846F4D00362E5A /* Debug */ = {
			isa = XCBuildConfiguration;
			buildSettings = {
				ASSETCATALOG_COMPILER_APPICON_NAME = AppIcon;
				ASSETCATALOG_COMPILER_GLOBAL_ACCENT_COLOR_NAME = AccentColor;
				CODE_SIGN_STYLE = Automatic;
				CURRENT_PROJECT_VERSION = 1;
				GENERATE_INFOPLIST_FILE = YES;
				INFOPLIST_FILE = "Messenger App/Info.plist";
				INFOPLIST_KEY_UIApplicationSupportsIndirectInputEvents = YES;
				INFOPLIST_KEY_UILaunchStoryboardName = LaunchScreen;
				INFOPLIST_KEY_UIMainStoryboardFile = Main;
				INFOPLIST_KEY_UISupportedInterfaceOrientations_iPad = "UIInterfaceOrientationPortrait UIInterfaceOrientationPortraitUpsideDown UIInterfaceOrientationLandscapeLeft UIInterfaceOrientationLandscapeRight";
				INFOPLIST_KEY_UISupportedInterfaceOrientations_iPhone = "UIInterfaceOrientationPortrait UIInterfaceOrientationLandscapeLeft UIInterfaceOrientationLandscapeRight";
				LD_RUNPATH_SEARCH_PATHS = (
					"$(inherited)",
					"@executable_path/Frameworks",
				);
				MARKETING_VERSION = 1.0;
				PRODUCT_BUNDLE_IDENTIFIER = "ahad.Messenger-App";
				PRODUCT_NAME = "$(TARGET_NAME)";
				SWIFT_EMIT_LOC_STRINGS = YES;
				SWIFT_VERSION = 5.0;
				TARGETED_DEVICE_FAMILY = "1,2";
			};
			name = Debug;
		};
		C309F6CC27846F4D00362E5A /* Release */ = {
			isa = XCBuildConfiguration;
			buildSettings = {
				ASSETCATALOG_COMPILER_APPICON_NAME = AppIcon;
				ASSETCATALOG_COMPILER_GLOBAL_ACCENT_COLOR_NAME = AccentColor;
				CODE_SIGN_STYLE = Automatic;
				CURRENT_PROJECT_VERSION = 1;
				GENERATE_INFOPLIST_FILE = YES;
				INFOPLIST_FILE = "Messenger App/Info.plist";
				INFOPLIST_KEY_UIApplicationSupportsIndirectInputEvents = YES;
				INFOPLIST_KEY_UILaunchStoryboardName = LaunchScreen;
				INFOPLIST_KEY_UIMainStoryboardFile = Main;
				INFOPLIST_KEY_UISupportedInterfaceOrientations_iPad = "UIInterfaceOrientationPortrait UIInterfaceOrientationPortraitUpsideDown UIInterfaceOrientationLandscapeLeft UIInterfaceOrientationLandscapeRight";
				INFOPLIST_KEY_UISupportedInterfaceOrientations_iPhone = "UIInterfaceOrientationPortrait UIInterfaceOrientationLandscapeLeft UIInterfaceOrientationLandscapeRight";
				LD_RUNPATH_SEARCH_PATHS = (
					"$(inherited)",
					"@executable_path/Frameworks",
				);
				MARKETING_VERSION = 1.0;
				PRODUCT_BUNDLE_IDENTIFIER = "ahad.Messenger-App";
				PRODUCT_NAME = "$(TARGET_NAME)";
				SWIFT_EMIT_LOC_STRINGS = YES;
				SWIFT_VERSION = 5.0;
				TARGETED_DEVICE_FAMILY = "1,2";
			};
			name = Release;
		};
/* End XCBuildConfiguration section */

/* Begin XCConfigurationList section */
		C309F6B127846F4B00362E5A /* Build configuration list for PBXProject "Messenger App" */ = {
			isa = XCConfigurationList;
			buildConfigurations = (
				C309F6C827846F4D00362E5A /* Debug */,
				C309F6C927846F4D00362E5A /* Release */,
			);
			defaultConfigurationIsVisible = 0;
			defaultConfigurationName = Release;
		};
		C309F6CA27846F4D00362E5A /* Build configuration list for PBXNativeTarget "Messenger App" */ = {
			isa = XCConfigurationList;
			buildConfigurations = (
				C309F6CB27846F4D00362E5A /* Debug */,
				C309F6CC27846F4D00362E5A /* Release */,
			);
			defaultConfigurationIsVisible = 0;
			defaultConfigurationName = Release;
		};
/* End XCConfigurationList section */

/* Begin XCRemoteSwiftPackageReference section */
		C309F6DE2785C2FC00362E5A /* XCRemoteSwiftPackageReference "firebase-ios-sdk" */ = {
			isa = XCRemoteSwiftPackageReference;
			repositoryURL = "https://github.com/firebase/firebase-ios-sdk";
			requirement = {
				kind = upToNextMajorVersion;
				minimumVersion = 8.0.0;
			};
		};
		C309F6E92785DBA900362E5A /* XCRemoteSwiftPackageReference "MessageKit" */ = {
			isa = XCRemoteSwiftPackageReference;
			repositoryURL = "https://github.com/MessageKit/MessageKit";
			requirement = {
				kind = upToNextMajorVersion;
				minimumVersion = 3.0.0;
			};
		};
		C309F6EE278964AD00362E5A /* XCRemoteSwiftPackageReference "realm-swift" */ = {
			isa = XCRemoteSwiftPackageReference;
			repositoryURL = "https://github.com/realm/realm-swift";
			requirement = {
				branch = master;
				kind = branch;
			};
		};
		C309F6F327896A7700362E5A /* XCRemoteSwiftPackageReference "SDWebImage" */ = {
			isa = XCRemoteSwiftPackageReference;
			repositoryURL = "https://github.com/SDWebImage/SDWebImage";
			requirement = {
				kind = upToNextMajorVersion;
				minimumVersion = 5.0.0;
			};
		};
		C309F6F82789777000362E5A /* XCRemoteSwiftPackageReference "JGProgressHUD" */ = {
			isa = XCRemoteSwiftPackageReference;
			repositoryURL = "https://github.com/JonasGessner/JGProgressHUD";
			requirement = {
				kind = upToNextMajorVersion;
				minimumVersion = 2.0.0;
			};
		};
/* End XCRemoteSwiftPackageReference section */

/* Begin XCSwiftPackageProductDependency section */
		C309F6DF2785C2FC00362E5A /* FirebaseAnalytics */ = {
			isa = XCSwiftPackageProductDependency;
			package = C309F6DE2785C2FC00362E5A /* XCRemoteSwiftPackageReference "firebase-ios-sdk" */;
			productName = FirebaseAnalytics;
		};
		C309F6E12785C2FC00362E5A /* FirebaseAuth */ = {
			isa = XCSwiftPackageProductDependency;
			package = C309F6DE2785C2FC00362E5A /* XCRemoteSwiftPackageReference "firebase-ios-sdk" */;
			productName = FirebaseAuth;
		};
		C309F6E32785C2FC00362E5A /* FirebaseDatabase */ = {
			isa = XCSwiftPackageProductDependency;
			package = C309F6DE2785C2FC00362E5A /* XCRemoteSwiftPackageReference "firebase-ios-sdk" */;
			productName = FirebaseDatabase;
		};
		C309F6E52785C2FC00362E5A /* FirebaseStorage */ = {
			isa = XCSwiftPackageProductDependency;
			package = C309F6DE2785C2FC00362E5A /* XCRemoteSwiftPackageReference "firebase-ios-sdk" */;
			productName = FirebaseStorage;
		};
		C309F6EA2785DBA900362E5A /* MessageKit */ = {
			isa = XCSwiftPackageProductDependency;
			package = C309F6E92785DBA900362E5A /* XCRemoteSwiftPackageReference "MessageKit" */;
			productName = MessageKit;
		};
		C309F6EF278964AE00362E5A /* Realm */ = {
			isa = XCSwiftPackageProductDependency;
			package = C309F6EE278964AD00362E5A /* XCRemoteSwiftPackageReference "realm-swift" */;
			productName = Realm;
		};
		C309F6F1278964AE00362E5A /* RealmSwift */ = {
			isa = XCSwiftPackageProductDependency;
			package = C309F6EE278964AD00362E5A /* XCRemoteSwiftPackageReference "realm-swift" */;
			productName = RealmSwift;
		};
		C309F6F427896A7700362E5A /* SDWebImage */ = {
			isa = XCSwiftPackageProductDependency;
			package = C309F6F327896A7700362E5A /* XCRemoteSwiftPackageReference "SDWebImage" */;
			productName = SDWebImage;
		};
		C309F6F627896A7700362E5A /* SDWebImageMapKit */ = {
			isa = XCSwiftPackageProductDependency;
			package = C309F6F327896A7700362E5A /* XCRemoteSwiftPackageReference "SDWebImage" */;
			productName = SDWebImageMapKit;
		};
		C309F6F92789777100362E5A /* JGProgressHUD */ = {
			isa = XCSwiftPackageProductDependency;
			package = C309F6F82789777000362E5A /* XCRemoteSwiftPackageReference "JGProgressHUD" */;
			productName = JGProgressHUD;
		};
/* End XCSwiftPackageProductDependency section */
	};
	rootObject = C309F6AE27846F4B00362E5A /* Project object */;
}
